
Microsoft Visual Studio Solution File, Format Version 12.00
# Visual Studio Version 16
VisualStudioVersion = 16.0.29025.244
MinimumVisualStudioVersion = 10.0.40219.1
Project("{FAE04EC0-301F-11D3-BF4B-00C04F79EFBC}") = "studentArrays", "studentArrays\studentArrays.csproj", "{27189C1F-1E31-4B7C-9C16-CCDE6C80D0BA}"
EndProject
Global
	GlobalSection(SolutionConfigurationPlatforms) = preSolution
		Debug|Any CPU = Debug|Any CPU
		Release|Any CPU = Release|Any CPU
	EndGlobalSection
	GlobalSection(ProjectConfigurationPlatforms) = postSolution
		{27189C1F-1E31-4B7C-9C16-CCDE6C80D0BA}.Debug|Any CPU.ActiveCfg = Debug|Any CPU
		{27189C1F-1E31-4B7C-9C16-CCDE6C80D0BA}.Debug|Any CPU.Build.0 = Debug|Any CPU
		{27189C1F-1E31-4B7C-9C16-CCDE6C80D0BA}.Release|Any CPU.ActiveCfg = Release|Any CPU
		{27189C1F-1E31-4B7C-9C16-CCDE6C80D0BA}.Release|Any CPU.Build.0 = Release|Any CPU
	EndGlobalSection
	GlobalSection(SolutionProperties) = preSolution
		HideSolutionNode = FALSE
	EndGlobalSection
	GlobalSection(ExtensibilityGlobals) = postSolution
		SolutionGuid = {3C486B5A-ED33-4946-983D-F76B8F8A3F99}
	EndGlobalSection
EndGlobal
